
Microsoft Visual Studio Solution File, Format Version 12.00
# Visual Studio 15
VisualStudioVersion = 15.0.26730.12
MinimumVisualStudioVersion = 10.0.40219.1
Project("{8BC9CEB8-8B4A-11D0-8D11-00A0C91BC942}") = "lab1_data_types", "181_351_Shipilova\181_351_Shipilova.vcxproj", "{F6256CED-5DA8-4715-8DD6-D3DD93CF05DE}"
EndProject
Project("{8BC9CEB8-8B4A-11D0-8D11-00A0C91BC942}") = "lab2_arrays", "lab2\lab2.vcxproj", "{0A914A34-AD80-431F-BECD-2DC1307913B0}"
EndProject
Project("{8BC9CEB8-8B4A-11D0-8D11-00A0C91BC942}") = "lab3_functions.Caesar_bubble_shaker", "lab 3\lab 3.vcxproj", "{AAC5DB31-90EF-4532-892C-F4DF9378CA92}"
EndProject
Project("{8BC9CEB8-8B4A-11D0-8D11-00A0C91BC942}") = "lab4_pointer", "lab4_pointer\lab4_pointer.vcxproj", "{D2C6BE55-237E-4188-B2B9-063018A0750D}"
EndProject
Project("{8BC9CEB8-8B4A-11D0-8D11-00A0C91BC942}") = "lab6_dynamic", "lab6_dynamic\lab6_dynamic.vcxproj", "{ECECEC91-F17C-48A7-BCBF-4F2A2E25E296}"
EndProject
Project("{8BC9CEB8-8B4A-11D0-8D11-00A0C91BC942}") = "lab7_string", "lab7_string\lab7_string.vcxproj", "{46DD04B1-300C-402A-A4E0-391C32C5DA59}"
EndProject
Project("{8BC9CEB8-8B4A-11D0-8D11-00A0C91BC942}") = "lab8_class", "lab8_class\lab8_class.vcxproj", "{2AD237FB-9B08-4468-AC50-C13774E5E4CB}"
EndProject
Project("{8BC9CEB8-8B4A-11D0-8D11-00A0C91BC942}") = "lab10_overload", "lab10_overload\lab10_overload.vcxproj", "{2C7BB4DD-BA1E-4C17-98CA-4DD16A22CD87}"
EndProject
Project("{8BC9CEB8-8B4A-11D0-8D11-00A0C91BC942}") = "lab5_cycle", "lab5_cycle\lab5_cycle.vcxproj", "{068B9222-141E-4038-B761-0EDBE1612C89}"
EndProject
Project("{8BC9CEB8-8B4A-11D0-8D11-00A0C91BC942}") = "lab9_class2", "lab9_class2\lab9_class2.vcxproj", "{132D2A57-EEDB-4F55-B8FA-7FD0E2478EB2}"
EndProject
Project("{8BC9CEB8-8B4A-11D0-8D11-00A0C91BC942}") = "test", "test\test.vcxproj", "{9E9FC1D5-2045-4860-B330-37CA1C6B723B}"
EndProject
Project("{8BC9CEB8-8B4A-11D0-8D11-00A0C91BC942}") = "lab10_dll", "lab10_dll\lab10_dll.vcxproj", "{E79C37C2-1917-42AF-9AC8-96CC092D223D}"
EndProject
Project("{8BC9CEB8-8B4A-11D0-8D11-00A0C91BC942}") = "Dll", "Dll\Dll.vcxproj", "{3008436C-52A3-4FC2-B8C4-E6DD09F51B79}"
EndProject
Project("{8BC9CEB8-8B4A-11D0-8D11-00A0C91BC942}") = "lab11_openCV", "lab11_openCV\lab11_openCV.vcxproj", "{6CC4B629-B236-45EB-9A1C-154F0BB53B8D}"
EndProject
Project("{8BC9CEB8-8B4A-11D0-8D11-00A0C91BC942}") = "lab12_curl", "lab12_curl\lab12_curl.vcxproj", "{56696B66-30FE-4C8F-87D6-D4638A29F45A}"
EndProject
Project("{8BC9CEB8-8B4A-11D0-8D11-00A0C91BC942}") = "Lab13_ssl", "Lab13_ssl\Lab13_ssl.vcxproj", "{A6DE64C0-9BD5-43B7-9985-BAA8BDBFC11E}"
EndProject
Project("{8BC9CEB8-8B4A-11D0-8D11-00A0C91BC942}") = "lab14_stek", "lab14_stek\lab14_stek.vcxproj", "{228EBCA0-9231-45F9-9D76-BAF08BC0D260}"
EndProject
Project("{8BC9CEB8-8B4A-11D0-8D11-00A0C91BC942}") = "lab16_mytipe", "lab16_mytipe\lab16_mytipe.vcxproj", "{CFB158FE-4BA8-4C08-91E9-09B0963D52EE}"
EndProject
Project("{8BC9CEB8-8B4A-11D0-8D11-00A0C91BC942}") = "sandbox", "sandbox\sandbox.vcxproj", "{356D2710-19D5-4C6F-83CF-085108F5466C}"
EndProject
Project("{8BC9CEB8-8B4A-11D0-8D11-00A0C91BC942}") = "tree", "ConsoleApplication3\ConsoleApplication3.vcxproj", "{7F3CC14D-FA92-4EDB-A461-3D72E22A73A4}"
EndProject
Global
	GlobalSection(SolutionConfigurationPlatforms) = preSolution
		Debug|x64 = Debug|x64
		Debug|x86 = Debug|x86
		Release|x64 = Release|x64
		Release|x86 = Release|x86
	EndGlobalSection
	GlobalSection(ProjectConfigurationPlatforms) = postSolution
		{F6256CED-5DA8-4715-8DD6-D3DD93CF05DE}.Debug|x64.ActiveCfg = Debug|x64
		{F6256CED-5DA8-4715-8DD6-D3DD93CF05DE}.Debug|x64.Build.0 = Debug|x64
		{F6256CED-5DA8-4715-8DD6-D3DD93CF05DE}.Debug|x86.ActiveCfg = Debug|Win32
		{F6256CED-5DA8-4715-8DD6-D3DD93CF05DE}.Debug|x86.Build.0 = Debug|Win32
		{F6256CED-5DA8-4715-8DD6-D3DD93CF05DE}.Release|x64.ActiveCfg = Release|x64
		{F6256CED-5DA8-4715-8DD6-D3DD93CF05DE}.Release|x64.Build.0 = Release|x64
		{F6256CED-5DA8-4715-8DD6-D3DD93CF05DE}.Release|x86.ActiveCfg = Release|Win32
		{F6256CED-5DA8-4715-8DD6-D3DD93CF05DE}.Release|x86.Build.0 = Release|Win32
		{0A914A34-AD80-431F-BECD-2DC1307913B0}.Debug|x64.ActiveCfg = Debug|x64
		{0A914A34-AD80-431F-BECD-2DC1307913B0}.Debug|x64.Build.0 = Debug|x64
		{0A914A34-AD80-431F-BECD-2DC1307913B0}.Debug|x86.ActiveCfg = Debug|Win32
		{0A914A34-AD80-431F-BECD-2DC1307913B0}.Debug|x86.Build.0 = Debug|Win32
		{0A914A34-AD80-431F-BECD-2DC1307913B0}.Release|x64.ActiveCfg = Release|x64
		{0A914A34-AD80-431F-BECD-2DC1307913B0}.Release|x64.Build.0 = Release|x64
		{0A914A34-AD80-431F-BECD-2DC1307913B0}.Release|x86.ActiveCfg = Release|Win32
		{0A914A34-AD80-431F-BECD-2DC1307913B0}.Release|x86.Build.0 = Release|Win32
		{AAC5DB31-90EF-4532-892C-F4DF9378CA92}.Debug|x64.ActiveCfg = Debug|x64
		{AAC5DB31-90EF-4532-892C-F4DF9378CA92}.Debug|x64.Build.0 = Debug|x64
		{AAC5DB31-90EF-4532-892C-F4DF9378CA92}.Debug|x86.ActiveCfg = Debug|Win32
		{AAC5DB31-90EF-4532-892C-F4DF9378CA92}.Debug|x86.Build.0 = Debug|Win32
		{AAC5DB31-90EF-4532-892C-F4DF9378CA92}.Release|x64.ActiveCfg = Release|x64
		{AAC5DB31-90EF-4532-892C-F4DF9378CA92}.Release|x64.Build.0 = Release|x64
		{AAC5DB31-90EF-4532-892C-F4DF9378CA92}.Release|x86.ActiveCfg = Release|Win32
		{AAC5DB31-90EF-4532-892C-F4DF9378CA92}.Release|x86.Build.0 = Release|Win32
		{D2C6BE55-237E-4188-B2B9-063018A0750D}.Debug|x64.ActiveCfg = Debug|x64
		{D2C6BE55-237E-4188-B2B9-063018A0750D}.Debug|x64.Build.0 = Debug|x64
		{D2C6BE55-237E-4188-B2B9-063018A0750D}.Debug|x86.ActiveCfg = Debug|Win32
		{D2C6BE55-237E-4188-B2B9-063018A0750D}.Debug|x86.Build.0 = Debug|Win32
		{D2C6BE55-237E-4188-B2B9-063018A0750D}.Release|x64.ActiveCfg = Release|x64
		{D2C6BE55-237E-4188-B2B9-063018A0750D}.Release|x64.Build.0 = Release|x64
		{D2C6BE55-237E-4188-B2B9-063018A0750D}.Release|x86.ActiveCfg = Release|Win32
		{D2C6BE55-237E-4188-B2B9-063018A0750D}.Release|x86.Build.0 = Release|Win32
		{ECECEC91-F17C-48A7-BCBF-4F2A2E25E296}.Debug|x64.ActiveCfg = Debug|x64
		{ECECEC91-F17C-48A7-BCBF-4F2A2E25E296}.Debug|x64.Build.0 = Debug|x64
		{ECECEC91-F17C-48A7-BCBF-4F2A2E25E296}.Debug|x86.ActiveCfg = Debug|Win32
		{ECECEC91-F17C-48A7-BCBF-4F2A2E25E296}.Debug|x86.Build.0 = Debug|Win32
		{ECECEC91-F17C-48A7-BCBF-4F2A2E25E296}.Release|x64.ActiveCfg = Release|x64
		{ECECEC91-F17C-48A7-BCBF-4F2A2E25E296}.Release|x64.Build.0 = Release|x64
		{ECECEC91-F17C-48A7-BCBF-4F2A2E25E296}.Release|x86.ActiveCfg = Release|Win32
		{ECECEC91-F17C-48A7-BCBF-4F2A2E25E296}.Release|x86.Build.0 = Release|Win32
		{46DD04B1-300C-402A-A4E0-391C32C5DA59}.Debug|x64.ActiveCfg = Debug|x64
		{46DD04B1-300C-402A-A4E0-391C32C5DA59}.Debug|x64.Build.0 = Debug|x64
		{46DD04B1-300C-402A-A4E0-391C32C5DA59}.Debug|x86.ActiveCfg = Debug|Win32
		{46DD04B1-300C-402A-A4E0-391C32C5DA59}.Debug|x86.Build.0 = Debug|Win32
		{46DD04B1-300C-402A-A4E0-391C32C5DA59}.Release|x64.ActiveCfg = Release|x64
		{46DD04B1-300C-402A-A4E0-391C32C5DA59}.Release|x64.Build.0 = Release|x64
		{46DD04B1-300C-402A-A4E0-391C32C5DA59}.Release|x86.ActiveCfg = Release|Win32
		{46DD04B1-300C-402A-A4E0-391C32C5DA59}.Release|x86.Build.0 = Release|Win32
		{2AD237FB-9B08-4468-AC50-C13774E5E4CB}.Debug|x64.ActiveCfg = Debug|x64
		{2AD237FB-9B08-4468-AC50-C13774E5E4CB}.Debug|x64.Build.0 = Debug|x64
		{2AD237FB-9B08-4468-AC50-C13774E5E4CB}.Debug|x86.ActiveCfg = Debug|Win32
		{2AD237FB-9B08-4468-AC50-C13774E5E4CB}.Debug|x86.Build.0 = Debug|Win32
		{2AD237FB-9B08-4468-AC50-C13774E5E4CB}.Release|x64.ActiveCfg = Release|x64
		{2AD237FB-9B08-4468-AC50-C13774E5E4CB}.Release|x64.Build.0 = Release|x64
		{2AD237FB-9B08-4468-AC50-C13774E5E4CB}.Release|x86.ActiveCfg = Release|Win32
		{2AD237FB-9B08-4468-AC50-C13774E5E4CB}.Release|x86.Build.0 = Release|Win32
		{2C7BB4DD-BA1E-4C17-98CA-4DD16A22CD87}.Debug|x64.ActiveCfg = Debug|x64
		{2C7BB4DD-BA1E-4C17-98CA-4DD16A22CD87}.Debug|x64.Build.0 = Debug|x64
		{2C7BB4DD-BA1E-4C17-98CA-4DD16A22CD87}.Debug|x86.ActiveCfg = Debug|Win32
		{2C7BB4DD-BA1E-4C17-98CA-4DD16A22CD87}.Debug|x86.Build.0 = Debug|Win32
		{2C7BB4DD-BA1E-4C17-98CA-4DD16A22CD87}.Release|x64.ActiveCfg = Release|x64
		{2C7BB4DD-BA1E-4C17-98CA-4DD16A22CD87}.Release|x64.Build.0 = Release|x64
		{2C7BB4DD-BA1E-4C17-98CA-4DD16A22CD87}.Release|x86.ActiveCfg = Release|Win32
		{2C7BB4DD-BA1E-4C17-98CA-4DD16A22CD87}.Release|x86.Build.0 = Release|Win32
		{068B9222-141E-4038-B761-0EDBE1612C89}.Debug|x64.ActiveCfg = Debug|x64
		{068B9222-141E-4038-B761-0EDBE1612C89}.Debug|x64.Build.0 = Debug|x64
		{068B9222-141E-4038-B761-0EDBE1612C89}.Debug|x86.ActiveCfg = Debug|Win32
		{068B9222-141E-4038-B761-0EDBE1612C89}.Debug|x86.Build.0 = Debug|Win32
		{068B9222-141E-4038-B761-0EDBE1612C89}.Release|x64.ActiveCfg = Release|x64
		{068B9222-141E-4038-B761-0EDBE1612C89}.Release|x64.Build.0 = Release|x64
		{068B9222-141E-4038-B761-0EDBE1612C89}.Release|x86.ActiveCfg = Release|Win32
		{068B9222-141E-4038-B761-0EDBE1612C89}.Release|x86.Build.0 = Release|Win32
		{132D2A57-EEDB-4F55-B8FA-7FD0E2478EB2}.Debug|x64.ActiveCfg = Debug|x64
		{132D2A57-EEDB-4F55-B8FA-7FD0E2478EB2}.Debug|x64.Build.0 = Debug|x64
		{132D2A57-EEDB-4F55-B8FA-7FD0E2478EB2}.Debug|x86.ActiveCfg = Debug|Win32
		{132D2A57-EEDB-4F55-B8FA-7FD0E2478EB2}.Debug|x86.Build.0 = Debug|Win32
		{132D2A57-EEDB-4F55-B8FA-7FD0E2478EB2}.Release|x64.ActiveCfg = Release|x64
		{132D2A57-EEDB-4F55-B8FA-7FD0E2478EB2}.Release|x64.Build.0 = Release|x64
		{132D2A57-EEDB-4F55-B8FA-7FD0E2478EB2}.Release|x86.ActiveCfg = Release|Win32
		{132D2A57-EEDB-4F55-B8FA-7FD0E2478EB2}.Release|x86.Build.0 = Release|Win32
		{9E9FC1D5-2045-4860-B330-37CA1C6B723B}.Debug|x64.ActiveCfg = Debug|x64
		{9E9FC1D5-2045-4860-B330-37CA1C6B723B}.Debug|x64.Build.0 = Debug|x64
		{9E9FC1D5-2045-4860-B330-37CA1C6B723B}.Debug|x86.ActiveCfg = Debug|Win32
		{9E9FC1D5-2045-4860-B330-37CA1C6B723B}.Debug|x86.Build.0 = Debug|Win32
		{9E9FC1D5-2045-4860-B330-37CA1C6B723B}.Release|x64.ActiveCfg = Release|x64
		{9E9FC1D5-2045-4860-B330-37CA1C6B723B}.Release|x64.Build.0 = Release|x64
		{9E9FC1D5-2045-4860-B330-37CA1C6B723B}.Release|x86.ActiveCfg = Release|Win32
		{9E9FC1D5-2045-4860-B330-37CA1C6B723B}.Release|x86.Build.0 = Release|Win32
		{E79C37C2-1917-42AF-9AC8-96CC092D223D}.Debug|x64.ActiveCfg = Debug|x64
		{E79C37C2-1917-42AF-9AC8-96CC092D223D}.Debug|x64.Build.0 = Debug|x64
		{E79C37C2-1917-42AF-9AC8-96CC092D223D}.Debug|x86.ActiveCfg = Debug|Win32
		{E79C37C2-1917-42AF-9AC8-96CC092D223D}.Debug|x86.Build.0 = Debug|Win32
		{E79C37C2-1917-42AF-9AC8-96CC092D223D}.Release|x64.ActiveCfg = Release|x64
		{E79C37C2-1917-42AF-9AC8-96CC092D223D}.Release|x64.Build.0 = Release|x64
		{E79C37C2-1917-42AF-9AC8-96CC092D223D}.Release|x86.ActiveCfg = Release|Win32
		{E79C37C2-1917-42AF-9AC8-96CC092D223D}.Release|x86.Build.0 = Release|Win32
		{3008436C-52A3-4FC2-B8C4-E6DD09F51B79}.Debug|x64.ActiveCfg = Debug|x64
		{3008436C-52A3-4FC2-B8C4-E6DD09F51B79}.Debug|x64.Build.0 = Debug|x64
		{3008436C-52A3-4FC2-B8C4-E6DD09F51B79}.Debug|x86.ActiveCfg = Debug|Win32
		{3008436C-52A3-4FC2-B8C4-E6DD09F51B79}.Debug|x86.Build.0 = Debug|Win32
		{3008436C-52A3-4FC2-B8C4-E6DD09F51B79}.Release|x64.ActiveCfg = Release|x64
		{3008436C-52A3-4FC2-B8C4-E6DD09F51B79}.Release|x64.Build.0 = Release|x64
		{3008436C-52A3-4FC2-B8C4-E6DD09F51B79}.Release|x86.ActiveCfg = Release|Win32
		{3008436C-52A3-4FC2-B8C4-E6DD09F51B79}.Release|x86.Build.0 = Release|Win32
		{6CC4B629-B236-45EB-9A1C-154F0BB53B8D}.Debug|x64.ActiveCfg = Debug|x64
		{6CC4B629-B236-45EB-9A1C-154F0BB53B8D}.Debug|x64.Build.0 = Debug|x64
		{6CC4B629-B236-45EB-9A1C-154F0BB53B8D}.Debug|x86.ActiveCfg = Debug|Win32
		{6CC4B629-B236-45EB-9A1C-154F0BB53B8D}.Debug|x86.Build.0 = Debug|Win32
		{6CC4B629-B236-45EB-9A1C-154F0BB53B8D}.Release|x64.ActiveCfg = Release|x64
		{6CC4B629-B236-45EB-9A1C-154F0BB53B8D}.Release|x64.Build.0 = Release|x64
		{6CC4B629-B236-45EB-9A1C-154F0BB53B8D}.Release|x86.ActiveCfg = Release|Win32
		{6CC4B629-B236-45EB-9A1C-154F0BB53B8D}.Release|x86.Build.0 = Release|Win32
		{56696B66-30FE-4C8F-87D6-D4638A29F45A}.Debug|x64.ActiveCfg = Debug|x64
		{56696B66-30FE-4C8F-87D6-D4638A29F45A}.Debug|x64.Build.0 = Debug|x64
		{56696B66-30FE-4C8F-87D6-D4638A29F45A}.Debug|x86.ActiveCfg = Debug|Win32
		{56696B66-30FE-4C8F-87D6-D4638A29F45A}.Debug|x86.Build.0 = Debug|Win32
		{56696B66-30FE-4C8F-87D6-D4638A29F45A}.Release|x64.ActiveCfg = Release|x64
		{56696B66-30FE-4C8F-87D6-D4638A29F45A}.Release|x64.Build.0 = Release|x64
		{56696B66-30FE-4C8F-87D6-D4638A29F45A}.Release|x86.ActiveCfg = Release|Win32
		{56696B66-30FE-4C8F-87D6-D4638A29F45A}.Release|x86.Build.0 = Release|Win32
		{A6DE64C0-9BD5-43B7-9985-BAA8BDBFC11E}.Debug|x64.ActiveCfg = Debug|x64
		{A6DE64C0-9BD5-43B7-9985-BAA8BDBFC11E}.Debug|x64.Build.0 = Debug|x64
		{A6DE64C0-9BD5-43B7-9985-BAA8BDBFC11E}.Debug|x86.ActiveCfg = Debug|Win32
		{A6DE64C0-9BD5-43B7-9985-BAA8BDBFC11E}.Debug|x86.Build.0 = Debug|Win32
		{A6DE64C0-9BD5-43B7-9985-BAA8BDBFC11E}.Release|x64.ActiveCfg = Release|x64
		{A6DE64C0-9BD5-43B7-9985-BAA8BDBFC11E}.Release|x64.Build.0 = Release|x64
		{A6DE64C0-9BD5-43B7-9985-BAA8BDBFC11E}.Release|x86.ActiveCfg = Release|Win32
		{A6DE64C0-9BD5-43B7-9985-BAA8BDBFC11E}.Release|x86.Build.0 = Release|Win32
		{228EBCA0-9231-45F9-9D76-BAF08BC0D260}.Debug|x64.ActiveCfg = Debug|x64
		{228EBCA0-9231-45F9-9D76-BAF08BC0D260}.Debug|x64.Build.0 = Debug|x64
		{228EBCA0-9231-45F9-9D76-BAF08BC0D260}.Debug|x86.ActiveCfg = Debug|Win32
		{228EBCA0-9231-45F9-9D76-BAF08BC0D260}.Debug|x86.Build.0 = Debug|Win32
		{228EBCA0-9231-45F9-9D76-BAF08BC0D260}.Release|x64.ActiveCfg = Release|x64
		{228EBCA0-9231-45F9-9D76-BAF08BC0D260}.Release|x64.Build.0 = Release|x64
		{228EBCA0-9231-45F9-9D76-BAF08BC0D260}.Release|x86.ActiveCfg = Release|Win32
		{228EBCA0-9231-45F9-9D76-BAF08BC0D260}.Release|x86.Build.0 = Release|Win32
		{CFB158FE-4BA8-4C08-91E9-09B0963D52EE}.Debug|x64.ActiveCfg = Debug|x64
		{CFB158FE-4BA8-4C08-91E9-09B0963D52EE}.Debug|x64.Build.0 = Debug|x64
		{CFB158FE-4BA8-4C08-91E9-09B0963D52EE}.Debug|x86.ActiveCfg = Debug|Win32
		{CFB158FE-4BA8-4C08-91E9-09B0963D52EE}.Debug|x86.Build.0 = Debug|Win32
		{CFB158FE-4BA8-4C08-91E9-09B0963D52EE}.Release|x64.ActiveCfg = Release|x64
		{CFB158FE-4BA8-4C08-91E9-09B0963D52EE}.Release|x64.Build.0 = Release|x64
		{CFB158FE-4BA8-4C08-91E9-09B0963D52EE}.Release|x86.ActiveCfg = Release|Win32
		{CFB158FE-4BA8-4C08-91E9-09B0963D52EE}.Release|x86.Build.0 = Release|Win32
		{356D2710-19D5-4C6F-83CF-085108F5466C}.Debug|x64.ActiveCfg = Debug|x64
		{356D2710-19D5-4C6F-83CF-085108F5466C}.Debug|x64.Build.0 = Debug|x64
		{356D2710-19D5-4C6F-83CF-085108F5466C}.Debug|x86.ActiveCfg = Debug|Win32
		{356D2710-19D5-4C6F-83CF-085108F5466C}.Debug|x86.Build.0 = Debug|Win32
		{356D2710-19D5-4C6F-83CF-085108F5466C}.Release|x64.ActiveCfg = Release|x64
		{356D2710-19D5-4C6F-83CF-085108F5466C}.Release|x64.Build.0 = Release|x64
		{356D2710-19D5-4C6F-83CF-085108F5466C}.Release|x86.ActiveCfg = Release|Win32
		{356D2710-19D5-4C6F-83CF-085108F5466C}.Release|x86.Build.0 = Release|Win32
		{7F3CC14D-FA92-4EDB-A461-3D72E22A73A4}.Debug|x64.ActiveCfg = Debug|x64
		{7F3CC14D-FA92-4EDB-A461-3D72E22A73A4}.Debug|x64.Build.0 = Debug|x64
		{7F3CC14D-FA92-4EDB-A461-3D72E22A73A4}.Debug|x86.ActiveCfg = Debug|Win32
		{7F3CC14D-FA92-4EDB-A461-3D72E22A73A4}.Debug|x86.Build.0 = Debug|Win32
		{7F3CC14D-FA92-4EDB-A461-3D72E22A73A4}.Release|x64.ActiveCfg = Release|x64
		{7F3CC14D-FA92-4EDB-A461-3D72E22A73A4}.Release|x64.Build.0 = Release|x64
		{7F3CC14D-FA92-4EDB-A461-3D72E22A73A4}.Release|x86.ActiveCfg = Release|Win32
		{7F3CC14D-FA92-4EDB-A461-3D72E22A73A4}.Release|x86.Build.0 = Release|Win32
	EndGlobalSection
	GlobalSection(SolutionProperties) = preSolution
		HideSolutionNode = FALSE
	EndGlobalSection
	GlobalSection(ExtensibilityGlobals) = postSolution
		SolutionGuid = {AF2CEF29-2025-4F8F-8DE9-2B707F115FEA}
	EndGlobalSection
EndGlobal
